
Microsoft Visual Studio Solution File, Format Version 12.00
# Visual Studio Version 17
VisualStudioVersion = 17.0.32014.148
MinimumVisualStudioVersion = 10.0.40219.1
Project("{9A19103F-16F7-4668-BE54-9A1E7A4F7556}") = "Terminator.API", "Terminator\Terminator.API.csproj", "{C3A35F70-5542-43A2-9D71-BD9E561530B9}"
EndProject
Project("{FAE04EC0-301F-11D3-BF4B-00C04F79EFBC}") = "Terminator.Core", "Terminator.Core\Terminator.Core.csproj", "{19B79EAB-6A90-4582-96D9-CC62F5CC93D3}"
EndProject
Project("{FAE04EC0-301F-11D3-BF4B-00C04F79EFBC}") = "Terminator.Application", "Terminator.Application\Terminator.Application.csproj", "{260B55A9-93D7-41D8-B53A-37986807DE77}"
EndProject
Project("{FAE04EC0-301F-11D3-BF4B-00C04F79EFBC}") = "Terminator.Infrastructure", "Terminator.Infrastructure\Terminator.Infrastructure.csproj", "{8C05D819-CE40-4AED-ABAC-5B23309E5C75}"
EndProject
Global
	GlobalSection(SolutionConfigurationPlatforms) = preSolution
		Debug|Any CPU = Debug|Any CPU
		Release|Any CPU = Release|Any CPU
	EndGlobalSection
	GlobalSection(ProjectConfigurationPlatforms) = postSolution
		{C3A35F70-5542-43A2-9D71-BD9E561530B9}.Debug|Any CPU.ActiveCfg = Debug|Any CPU
		{C3A35F70-5542-43A2-9D71-BD9E561530B9}.Debug|Any CPU.Build.0 = Debug|Any CPU
		{C3A35F70-5542-43A2-9D71-BD9E561530B9}.Release|Any CPU.ActiveCfg = Release|Any CPU
		{C3A35F70-5542-43A2-9D71-BD9E561530B9}.Release|Any CPU.Build.0 = Release|Any CPU
		{19B79EAB-6A90-4582-96D9-CC62F5CC93D3}.Debug|Any CPU.ActiveCfg = Debug|Any CPU
		{19B79EAB-6A90-4582-96D9-CC62F5CC93D3}.Debug|Any CPU.Build.0 = Debug|Any CPU
		{19B79EAB-6A90-4582-96D9-CC62F5CC93D3}.Release|Any CPU.ActiveCfg = Release|Any CPU
		{19B79EAB-6A90-4582-96D9-CC62F5CC93D3}.Release|Any CPU.Build.0 = Release|Any CPU
		{260B55A9-93D7-41D8-B53A-37986807DE77}.Debug|Any CPU.ActiveCfg = Debug|Any CPU
		{260B55A9-93D7-41D8-B53A-37986807DE77}.Debug|Any CPU.Build.0 = Debug|Any CPU
		{260B55A9-93D7-41D8-B53A-37986807DE77}.Release|Any CPU.ActiveCfg = Release|Any CPU
		{260B55A9-93D7-41D8-B53A-37986807DE77}.Release|Any CPU.Build.0 = Release|Any CPU
		{8C05D819-CE40-4AED-ABAC-5B23309E5C75}.Debug|Any CPU.ActiveCfg = Debug|Any CPU
		{8C05D819-CE40-4AED-ABAC-5B23309E5C75}.Debug|Any CPU.Build.0 = Debug|Any CPU
		{8C05D819-CE40-4AED-ABAC-5B23309E5C75}.Release|Any CPU.ActiveCfg = Release|Any CPU
		{8C05D819-CE40-4AED-ABAC-5B23309E5C75}.Release|Any CPU.Build.0 = Release|Any CPU
	EndGlobalSection
	GlobalSection(SolutionProperties) = preSolution
		HideSolutionNode = FALSE
	EndGlobalSection
	GlobalSection(ExtensibilityGlobals) = postSolution
		SolutionGuid = {08AA452E-8683-4AEA-BC46-EE2686C67D06}
	EndGlobalSection
EndGlobal
